
Microsoft Visual Studio Solution File, Format Version 12.00
# Visual Studio Version 16
VisualStudioVersion = 16.0.31005.135
MinimumVisualStudioVersion = 10.0.40219.1
Project("{FAE04EC0-301F-11D3-BF4B-00C04F79EFBC}") = "Project2021Sales", "Project2021Sales\Project2021Sales.csproj", "{852AD06C-5CF3-4D96-8A73-7C4B8C9A21CA}"
EndProject
Global
	GlobalSection(SolutionConfigurationPlatforms) = preSolution
		Debug|Any CPU = Debug|Any CPU
		Release|Any CPU = Release|Any CPU
	EndGlobalSection
	GlobalSection(ProjectConfigurationPlatforms) = postSolution
		{852AD06C-5CF3-4D96-8A73-7C4B8C9A21CA}.Debug|Any CPU.ActiveCfg = Debug|Any CPU
		{852AD06C-5CF3-4D96-8A73-7C4B8C9A21CA}.Debug|Any CPU.Build.0 = Debug|Any CPU
		{852AD06C-5CF3-4D96-8A73-7C4B8C9A21CA}.Release|Any CPU.ActiveCfg = Release|Any CPU
		{852AD06C-5CF3-4D96-8A73-7C4B8C9A21CA}.Release|Any CPU.Build.0 = Release|Any CPU
	EndGlobalSection
	GlobalSection(SolutionProperties) = preSolution
		HideSolutionNode = FALSE
	EndGlobalSection
	GlobalSection(ExtensibilityGlobals) = postSolution
		SolutionGuid = {F7414B47-3973-4340-ACF0-50D8C803B232}
	EndGlobalSection
EndGlobal
